
Microsoft Visual Studio Solution File, Format Version 12.00
# Visual Studio Version 17
VisualStudioVersion = 17.5.33424.131
MinimumVisualStudioVersion = 10.0.40219.1
Project("{9A19103F-16F7-4668-BE54-9A1E7A4F7556}") = "Data", "Data\Data.csproj", "{57451793-CDC4-4385-A7BC-51DFA8999645}"
EndProject
Project("{9A19103F-16F7-4668-BE54-9A1E7A4F7556}") = "DataTests", "DataTests\DataTests.csproj", "{FF3943EE-7A56-452A-B513-F24F02DC4B39}"
EndProject
Project("{9A19103F-16F7-4668-BE54-9A1E7A4F7556}") = "PointOfSale", "PointOfSale\PointOfSale.csproj", "{F0AD232D-14C4-481F-A829-3E82E622FD78}"
EndProject
Project("{FAE04EC0-301F-11D3-BF4B-00C04F79EFBC}") = "Website", "Website\Website.csproj", "{76CBF18A-A3EB-4CCE-9253-0B9EC0F8C0CF}"
EndProject
Global
	GlobalSection(SolutionConfigurationPlatforms) = preSolution
		Debug|Any CPU = Debug|Any CPU
		Release|Any CPU = Release|Any CPU
	EndGlobalSection
	GlobalSection(ProjectConfigurationPlatforms) = postSolution
		{57451793-CDC4-4385-A7BC-51DFA8999645}.Debug|Any CPU.ActiveCfg = Debug|Any CPU
		{57451793-CDC4-4385-A7BC-51DFA8999645}.Debug|Any CPU.Build.0 = Debug|Any CPU
		{57451793-CDC4-4385-A7BC-51DFA8999645}.Release|Any CPU.ActiveCfg = Release|Any CPU
		{57451793-CDC4-4385-A7BC-51DFA8999645}.Release|Any CPU.Build.0 = Release|Any CPU
		{FF3943EE-7A56-452A-B513-F24F02DC4B39}.Debug|Any CPU.ActiveCfg = Debug|Any CPU
		{FF3943EE-7A56-452A-B513-F24F02DC4B39}.Debug|Any CPU.Build.0 = Debug|Any CPU
		{FF3943EE-7A56-452A-B513-F24F02DC4B39}.Release|Any CPU.ActiveCfg = Release|Any CPU
		{FF3943EE-7A56-452A-B513-F24F02DC4B39}.Release|Any CPU.Build.0 = Release|Any CPU
		{F0AD232D-14C4-481F-A829-3E82E622FD78}.Debug|Any CPU.ActiveCfg = Debug|Any CPU
		{F0AD232D-14C4-481F-A829-3E82E622FD78}.Debug|Any CPU.Build.0 = Debug|Any CPU
		{F0AD232D-14C4-481F-A829-3E82E622FD78}.Release|Any CPU.ActiveCfg = Release|Any CPU
		{F0AD232D-14C4-481F-A829-3E82E622FD78}.Release|Any CPU.Build.0 = Release|Any CPU
		{76CBF18A-A3EB-4CCE-9253-0B9EC0F8C0CF}.Debug|Any CPU.ActiveCfg = Debug|Any CPU
		{76CBF18A-A3EB-4CCE-9253-0B9EC0F8C0CF}.Debug|Any CPU.Build.0 = Debug|Any CPU
		{76CBF18A-A3EB-4CCE-9253-0B9EC0F8C0CF}.Release|Any CPU.ActiveCfg = Release|Any CPU
		{76CBF18A-A3EB-4CCE-9253-0B9EC0F8C0CF}.Release|Any CPU.Build.0 = Release|Any CPU
	EndGlobalSection
	GlobalSection(SolutionProperties) = preSolution
		HideSolutionNode = FALSE
	EndGlobalSection
	GlobalSection(ExtensibilityGlobals) = postSolution
		SolutionGuid = {63C8C6EA-EC50-49F4-9A32-7E4BFF8DEBC3}
	EndGlobalSection
EndGlobal
